# This file was autogenerated by Stack.
# You should not edit this file by hand.
# For more information, please see the documentation at:
#   https://docs.haskellstack.org/en/stable/lock_files

packages:
- completed:
    hackage: vty-windows-0.1.0.1@sha256:b1dbfeffe62a9504384e65fc01bbea1ebd08d7715c6e159e349962b50c2aa048,3173
    pantry-tree:
      sha256: ba4d2508d97c535f390a600683768cace73702669e2b51d0595bacd47fc4aba4
      size: 2160
  original:
    hackage: vty-windows-0.1.0.1
- completed:
    commit: cd32569e3b4572158ce240096a79633607b08e0a
    git: git@github.com:codedownio/github.git
    name: github
    pantry-tree:
      sha256: db5548baee2eca83e7c1caa6a1004f13967c56eaaf621b3bdb278564eae92468
      size: 19154
    version: '0.29'
  original:
    commit: cd32569e3b4572158ce240096a79633607b08e0a
    git: git@github.com:codedownio/github.git
snapshots:
- completed:
    sha256: 6f0bea3ba5b07360f25bc886e8cff8d847767557a492a6f7f6dcb06e3cc79ee9
    size: 712905
    url: https://raw.githubusercontent.com/commercialhaskell/stackage-snapshots/master/lts/22/13.yaml
  original: lts-22.13
