# This file was autogenerated by Stack.
# You should not edit this file by hand.
# For more information, please see the documentation at:
#   https://docs.haskellstack.org/en/stable/topics/lock_files

packages:
- completed:
    hackage: vty-windows-0.2.0.3@sha256:0c010b1086a725046a8bb08bb1e6bfdfdb3cfe1c72d6fa77c37306ef9ec774d8,2844
    pantry-tree:
      sha256: 958fd0386c589130177c841df63368ff191eb296f9ed2fd050de10e266c354eb
      size: 2160
  original:
    hackage: vty-windows-0.2.0.3
- completed:
    commit: 01be3c1168c81dc45123fb08e2904b8cc958a5e4
    git: https://github.com/codedownio/github.git
    name: github
    pantry-tree:
      sha256: 8bc5ec886482b43e4ea4a765b296e75321b48d4efafa396761309b23758ab934
      size: 19154
    version: '0.29'
  original:
    commit: 01be3c1168c81dc45123fb08e2904b8cc958a5e4
    git: https://github.com/codedownio/github.git
- completed:
    commit: 8f3fab100e4c8d82b5c6fe7c0cc09510249e98cf
    git: https://github.com/dogonthehorizon/git-config.git
    name: git-config
    pantry-tree:
      sha256: b5ef68baa303ae152c9dc3b2b9d594105ae0e90d5a17c35213761077bc026d2a
      size: 1068
    version: 0.1.2
  original:
    commit: 8f3fab100e4c8d82b5c6fe7c0cc09510249e98cf
    git: https://github.com/dogonthehorizon/git-config.git
- completed:
    commit: 030ceab629d5c888a4a890e2aa7f1e0e6eda0578
    git: https://github.com/thomasjm/vty-crossplatform.git
    name: vty-crossplatform
    pantry-tree:
      sha256: 3ba74b2a1692d64e2093dca2d0778631ae5a09538c1076df7308a4780da6b52b
      size: 680
    version: 0.4.0.0
  original:
    commit: 030ceab629d5c888a4a890e2aa7f1e0e6eda0578
    git: https://github.com/thomasjm/vty-crossplatform.git
snapshots:
- completed:
    sha256: e9b93acfb8aaf8ae4869050506553a963a8adba95748cd60356f9ffe64f03345
    size: 712232
    url: https://raw.githubusercontent.com/commercialhaskell/stackage-snapshots/master/nightly/2025/5/28.yaml
  original: nightly-2025-05-28
