# This file was autogenerated by Stack.
# You should not edit this file by hand.
# For more information, please see the documentation at:
#   https://docs.haskellstack.org/en/stable/lock_files

packages:
- completed:
    hackage: vty-windows-0.1.0.1@sha256:b1dbfeffe62a9504384e65fc01bbea1ebd08d7715c6e159e349962b50c2aa048,3173
    pantry-tree:
      sha256: ba4d2508d97c535f390a600683768cace73702669e2b51d0595bacd47fc4aba4
      size: 2160
  original:
    hackage: vty-windows-0.1.0.1
- completed:
    commit: 772b9f1039663c96db77dc14570fbffd6e833e17
    git: https://github.com/codedownio/github.git
    name: github
    pantry-tree:
      sha256: df14be9b9dd06b42c9d1fe05dc58d9b19dd52a81a3d0b5561ab16a889a2fcc07
      size: 19154
    version: '0.29'
  original:
    commit: 772b9f1039663c96db77dc14570fbffd6e833e17
    git: https://github.com/codedownio/github.git
- completed:
    commit: 8f3fab100e4c8d82b5c6fe7c0cc09510249e98cf
    git: https://github.com/dogonthehorizon/git-config.git
    name: git-config
    pantry-tree:
      sha256: b5ef68baa303ae152c9dc3b2b9d594105ae0e90d5a17c35213761077bc026d2a
      size: 1068
    version: 0.1.2
  original:
    commit: 8f3fab100e4c8d82b5c6fe7c0cc09510249e98cf
    git: https://github.com/dogonthehorizon/git-config.git
snapshots:
- completed:
    sha256: 6f0bea3ba5b07360f25bc886e8cff8d847767557a492a6f7f6dcb06e3cc79ee9
    size: 712905
    url: https://raw.githubusercontent.com/commercialhaskell/stackage-snapshots/master/lts/22/13.yaml
  original: lts-22.13
